
Microsoft Visual Studio Solution File, Format Version 12.00
# Visual Studio 15
VisualStudioVersion = 15.0.28010.2016
MinimumVisualStudioVersion = 10.0.40219.1
Project("{FAE04EC0-301F-11D3-BF4B-00C04F79EFBC}") = "Traveller", "Traveller\Traveller.csproj", "{A31F6E2D-FAC4-4A22-B503-60CBFA2DA818}"
EndProject
Project("{FAE04EC0-301F-11D3-BF4B-00C04F79EFBC}") = "Traveller.Tests", "TravellerTest\Traveller.Tests.csproj", "{C8D6016C-EFE6-4103-AC05-19497BCFE39F}"
EndProject
Global
	GlobalSection(SolutionConfigurationPlatforms) = preSolution
		Debug|Any CPU = Debug|Any CPU
		Release|Any CPU = Release|Any CPU
	EndGlobalSection
	GlobalSection(ProjectConfigurationPlatforms) = postSolution
		{A31F6E2D-FAC4-4A22-B503-60CBFA2DA818}.Debug|Any CPU.ActiveCfg = Debug|Any CPU
		{A31F6E2D-FAC4-4A22-B503-60CBFA2DA818}.Debug|Any CPU.Build.0 = Debug|Any CPU
		{A31F6E2D-FAC4-4A22-B503-60CBFA2DA818}.Release|Any CPU.ActiveCfg = Release|Any CPU
		{A31F6E2D-FAC4-4A22-B503-60CBFA2DA818}.Release|Any CPU.Build.0 = Release|Any CPU
		{C8D6016C-EFE6-4103-AC05-19497BCFE39F}.Debug|Any CPU.ActiveCfg = Debug|Any CPU
		{C8D6016C-EFE6-4103-AC05-19497BCFE39F}.Debug|Any CPU.Build.0 = Debug|Any CPU
		{C8D6016C-EFE6-4103-AC05-19497BCFE39F}.Release|Any CPU.ActiveCfg = Release|Any CPU
		{C8D6016C-EFE6-4103-AC05-19497BCFE39F}.Release|Any CPU.Build.0 = Release|Any CPU
	EndGlobalSection
	GlobalSection(SolutionProperties) = preSolution
		HideSolutionNode = FALSE
	EndGlobalSection
	GlobalSection(ExtensibilityGlobals) = postSolution
		SolutionGuid = {A0A43783-F47E-4F18-AF47-E28D75137CCB}
	EndGlobalSection
EndGlobal
